
Microsoft Visual Studio Solution File, Format Version 12.00
# Visual Studio Version 17
VisualStudioVersion = 17.10.35013.160
MinimumVisualStudioVersion = 10.0.40219.1
Project("{FAE04EC0-301F-11D3-BF4B-00C04F79EFBC}") = "Study23", "Study23\Study23.csproj", "{C7305741-BC4E-4A4F-8B16-67DDA9244D41}"
EndProject
Global
	GlobalSection(SolutionConfigurationPlatforms) = preSolution
		Debug|Any CPU = Debug|Any CPU
		Release|Any CPU = Release|Any CPU
	EndGlobalSection
	GlobalSection(ProjectConfigurationPlatforms) = postSolution
		{C7305741-BC4E-4A4F-8B16-67DDA9244D41}.Debug|Any CPU.ActiveCfg = Debug|Any CPU
		{C7305741-BC4E-4A4F-8B16-67DDA9244D41}.Debug|Any CPU.Build.0 = Debug|Any CPU
		{C7305741-BC4E-4A4F-8B16-67DDA9244D41}.Release|Any CPU.ActiveCfg = Release|Any CPU
		{C7305741-BC4E-4A4F-8B16-67DDA9244D41}.Release|Any CPU.Build.0 = Release|Any CPU
	EndGlobalSection
	GlobalSection(SolutionProperties) = preSolution
		HideSolutionNode = FALSE
	EndGlobalSection
	GlobalSection(ExtensibilityGlobals) = postSolution
		SolutionGuid = {4DE207A0-9CFE-491F-8FAF-6A19C9E107ED}
	EndGlobalSection
EndGlobal
