
Microsoft Visual Studio Solution File, Format Version 12.00
# Visual Studio Version 17
VisualStudioVersion = 17.10.35013.160
MinimumVisualStudioVersion = 10.0.40219.1
Project("{FAE04EC0-301F-11D3-BF4B-00C04F79EFBC}") = "Study22", "Study22\Study22.csproj", "{44083CA7-B3B6-4588-80F5-5645F2F09F93}"
EndProject
Global
	GlobalSection(SolutionConfigurationPlatforms) = preSolution
		Debug|Any CPU = Debug|Any CPU
		Release|Any CPU = Release|Any CPU
	EndGlobalSection
	GlobalSection(ProjectConfigurationPlatforms) = postSolution
		{44083CA7-B3B6-4588-80F5-5645F2F09F93}.Debug|Any CPU.ActiveCfg = Debug|Any CPU
		{44083CA7-B3B6-4588-80F5-5645F2F09F93}.Debug|Any CPU.Build.0 = Debug|Any CPU
		{44083CA7-B3B6-4588-80F5-5645F2F09F93}.Release|Any CPU.ActiveCfg = Release|Any CPU
		{44083CA7-B3B6-4588-80F5-5645F2F09F93}.Release|Any CPU.Build.0 = Release|Any CPU
	EndGlobalSection
	GlobalSection(SolutionProperties) = preSolution
		HideSolutionNode = FALSE
	EndGlobalSection
	GlobalSection(ExtensibilityGlobals) = postSolution
		SolutionGuid = {0219CA8E-B9B1-4079-A550-9F106E5800F7}
	EndGlobalSection
EndGlobal
