
Microsoft Visual Studio Solution File, Format Version 12.00
# Visual Studio Version 17
VisualStudioVersion = 17.10.35013.160
MinimumVisualStudioVersion = 10.0.40219.1
Project("{FAE04EC0-301F-11D3-BF4B-00C04F79EFBC}") = "myTextGame", "myTextGame\myTextGame.csproj", "{8CC84648-CA72-43AB-996D-A98CBDCC0628}"
EndProject
Global
	GlobalSection(SolutionConfigurationPlatforms) = preSolution
		Debug|Any CPU = Debug|Any CPU
		Release|Any CPU = Release|Any CPU
	EndGlobalSection
	GlobalSection(ProjectConfigurationPlatforms) = postSolution
		{8CC84648-CA72-43AB-996D-A98CBDCC0628}.Debug|Any CPU.ActiveCfg = Debug|Any CPU
		{8CC84648-CA72-43AB-996D-A98CBDCC0628}.Debug|Any CPU.Build.0 = Debug|Any CPU
		{8CC84648-CA72-43AB-996D-A98CBDCC0628}.Release|Any CPU.ActiveCfg = Release|Any CPU
		{8CC84648-CA72-43AB-996D-A98CBDCC0628}.Release|Any CPU.Build.0 = Release|Any CPU
	EndGlobalSection
	GlobalSection(SolutionProperties) = preSolution
		HideSolutionNode = FALSE
	EndGlobalSection
	GlobalSection(ExtensibilityGlobals) = postSolution
		SolutionGuid = {7CB0D63B-106C-4681-B6CB-EA98D8C81EEC}
	EndGlobalSection
EndGlobal
