
Microsoft Visual Studio Solution File, Format Version 12.00
# Visual Studio Version 17
VisualStudioVersion = 17.10.35013.160
MinimumVisualStudioVersion = 10.0.40219.1
Project("{FAE04EC0-301F-11D3-BF4B-00C04F79EFBC}") = "Study42", "Study42\Study42.csproj", "{15049B2B-BE5A-4BBC-8E10-1FCB6D085386}"
EndProject
Global
	GlobalSection(SolutionConfigurationPlatforms) = preSolution
		Debug|Any CPU = Debug|Any CPU
		Release|Any CPU = Release|Any CPU
	EndGlobalSection
	GlobalSection(ProjectConfigurationPlatforms) = postSolution
		{15049B2B-BE5A-4BBC-8E10-1FCB6D085386}.Debug|Any CPU.ActiveCfg = Debug|Any CPU
		{15049B2B-BE5A-4BBC-8E10-1FCB6D085386}.Debug|Any CPU.Build.0 = Debug|Any CPU
		{15049B2B-BE5A-4BBC-8E10-1FCB6D085386}.Release|Any CPU.ActiveCfg = Release|Any CPU
		{15049B2B-BE5A-4BBC-8E10-1FCB6D085386}.Release|Any CPU.Build.0 = Release|Any CPU
	EndGlobalSection
	GlobalSection(SolutionProperties) = preSolution
		HideSolutionNode = FALSE
	EndGlobalSection
	GlobalSection(ExtensibilityGlobals) = postSolution
		SolutionGuid = {6F7A7E40-3E0E-4FAC-BE22-7F3D6B10FF91}
	EndGlobalSection
EndGlobal
