
Microsoft Visual Studio Solution File, Format Version 12.00
# Visual Studio Version 17
VisualStudioVersion = 17.10.35013.160
MinimumVisualStudioVersion = 10.0.40219.1
Project("{FAE04EC0-301F-11D3-BF4B-00C04F79EFBC}") = "Study35", "Study35\Study35.csproj", "{87A77BD4-2643-43FC-BB9B-1F62B7485440}"
EndProject
Global
	GlobalSection(SolutionConfigurationPlatforms) = preSolution
		Debug|Any CPU = Debug|Any CPU
		Release|Any CPU = Release|Any CPU
	EndGlobalSection
	GlobalSection(ProjectConfigurationPlatforms) = postSolution
		{87A77BD4-2643-43FC-BB9B-1F62B7485440}.Debug|Any CPU.ActiveCfg = Debug|Any CPU
		{87A77BD4-2643-43FC-BB9B-1F62B7485440}.Debug|Any CPU.Build.0 = Debug|Any CPU
		{87A77BD4-2643-43FC-BB9B-1F62B7485440}.Release|Any CPU.ActiveCfg = Release|Any CPU
		{87A77BD4-2643-43FC-BB9B-1F62B7485440}.Release|Any CPU.Build.0 = Release|Any CPU
	EndGlobalSection
	GlobalSection(SolutionProperties) = preSolution
		HideSolutionNode = FALSE
	EndGlobalSection
	GlobalSection(ExtensibilityGlobals) = postSolution
		SolutionGuid = {7B7EB345-E9B0-45DC-929A-901E0CADAD73}
	EndGlobalSection
EndGlobal
