
Microsoft Visual Studio Solution File, Format Version 12.00
# Visual Studio Version 17
VisualStudioVersion = 17.10.35013.160
MinimumVisualStudioVersion = 10.0.40219.1
Project("{FAE04EC0-301F-11D3-BF4B-00C04F79EFBC}") = "Study16", "Study16\Study16.csproj", "{4AFDDF98-5F41-4D62-9219-16141DDF3B5B}"
EndProject
Global
	GlobalSection(SolutionConfigurationPlatforms) = preSolution
		Debug|Any CPU = Debug|Any CPU
		Release|Any CPU = Release|Any CPU
	EndGlobalSection
	GlobalSection(ProjectConfigurationPlatforms) = postSolution
		{4AFDDF98-5F41-4D62-9219-16141DDF3B5B}.Debug|Any CPU.ActiveCfg = Debug|Any CPU
		{4AFDDF98-5F41-4D62-9219-16141DDF3B5B}.Debug|Any CPU.Build.0 = Debug|Any CPU
		{4AFDDF98-5F41-4D62-9219-16141DDF3B5B}.Release|Any CPU.ActiveCfg = Release|Any CPU
		{4AFDDF98-5F41-4D62-9219-16141DDF3B5B}.Release|Any CPU.Build.0 = Release|Any CPU
	EndGlobalSection
	GlobalSection(SolutionProperties) = preSolution
		HideSolutionNode = FALSE
	EndGlobalSection
	GlobalSection(ExtensibilityGlobals) = postSolution
		SolutionGuid = {85FE1E4C-E215-4DBC-A6C1-1A61C8E98E24}
	EndGlobalSection
EndGlobal
