
Microsoft Visual Studio Solution File, Format Version 12.00
# Visual Studio Version 17
VisualStudioVersion = 17.10.35013.160
MinimumVisualStudioVersion = 10.0.40219.1
Project("{FAE04EC0-301F-11D3-BF4B-00C04F79EFBC}") = "DelegateEvent", "DelegateEvent\DelegateEvent.csproj", "{3B53527B-5F43-48C5-A639-69CA7A0668A3}"
EndProject
Global
	GlobalSection(SolutionConfigurationPlatforms) = preSolution
		Debug|Any CPU = Debug|Any CPU
		Release|Any CPU = Release|Any CPU
	EndGlobalSection
	GlobalSection(ProjectConfigurationPlatforms) = postSolution
		{3B53527B-5F43-48C5-A639-69CA7A0668A3}.Debug|Any CPU.ActiveCfg = Debug|Any CPU
		{3B53527B-5F43-48C5-A639-69CA7A0668A3}.Debug|Any CPU.Build.0 = Debug|Any CPU
		{3B53527B-5F43-48C5-A639-69CA7A0668A3}.Release|Any CPU.ActiveCfg = Release|Any CPU
		{3B53527B-5F43-48C5-A639-69CA7A0668A3}.Release|Any CPU.Build.0 = Release|Any CPU
	EndGlobalSection
	GlobalSection(SolutionProperties) = preSolution
		HideSolutionNode = FALSE
	EndGlobalSection
	GlobalSection(ExtensibilityGlobals) = postSolution
		SolutionGuid = {169D3772-3CD2-4FB8-A80B-19539C2374BD}
	EndGlobalSection
EndGlobal
