
Microsoft Visual Studio Solution File, Format Version 12.00
# Visual Studio Version 17
VisualStudioVersion = 17.10.35013.160
MinimumVisualStudioVersion = 10.0.40219.1
Project("{FAE04EC0-301F-11D3-BF4B-00C04F79EFBC}") = "콘솔좌표배우기", "콘솔좌표배우기\콘솔좌표배우기.csproj", "{02A12428-8CD2-43AA-89A0-37E005E989D2}"
EndProject
Global
	GlobalSection(SolutionConfigurationPlatforms) = preSolution
		Debug|Any CPU = Debug|Any CPU
		Release|Any CPU = Release|Any CPU
	EndGlobalSection
	GlobalSection(ProjectConfigurationPlatforms) = postSolution
		{02A12428-8CD2-43AA-89A0-37E005E989D2}.Debug|Any CPU.ActiveCfg = Debug|Any CPU
		{02A12428-8CD2-43AA-89A0-37E005E989D2}.Debug|Any CPU.Build.0 = Debug|Any CPU
		{02A12428-8CD2-43AA-89A0-37E005E989D2}.Release|Any CPU.ActiveCfg = Release|Any CPU
		{02A12428-8CD2-43AA-89A0-37E005E989D2}.Release|Any CPU.Build.0 = Release|Any CPU
	EndGlobalSection
	GlobalSection(SolutionProperties) = preSolution
		HideSolutionNode = FALSE
	EndGlobalSection
	GlobalSection(ExtensibilityGlobals) = postSolution
		SolutionGuid = {B28774E6-8E25-495C-9A20-04F8B2A4B51D}
	EndGlobalSection
EndGlobal
