
Microsoft Visual Studio Solution File, Format Version 12.00
# Visual Studio Version 17
VisualStudioVersion = 17.10.35013.160
MinimumVisualStudioVersion = 10.0.40219.1
Project("{FAE04EC0-301F-11D3-BF4B-00C04F79EFBC}") = "Study8", "Study8\Study8.csproj", "{30EC31C9-7A18-4879-A441-7DDA5CF58C6D}"
EndProject
Global
	GlobalSection(SolutionConfigurationPlatforms) = preSolution
		Debug|Any CPU = Debug|Any CPU
		Release|Any CPU = Release|Any CPU
	EndGlobalSection
	GlobalSection(ProjectConfigurationPlatforms) = postSolution
		{30EC31C9-7A18-4879-A441-7DDA5CF58C6D}.Debug|Any CPU.ActiveCfg = Debug|Any CPU
		{30EC31C9-7A18-4879-A441-7DDA5CF58C6D}.Debug|Any CPU.Build.0 = Debug|Any CPU
		{30EC31C9-7A18-4879-A441-7DDA5CF58C6D}.Release|Any CPU.ActiveCfg = Release|Any CPU
		{30EC31C9-7A18-4879-A441-7DDA5CF58C6D}.Release|Any CPU.Build.0 = Release|Any CPU
	EndGlobalSection
	GlobalSection(SolutionProperties) = preSolution
		HideSolutionNode = FALSE
	EndGlobalSection
	GlobalSection(ExtensibilityGlobals) = postSolution
		SolutionGuid = {A4F64256-5D1E-4A0D-A542-199E655C6504}
	EndGlobalSection
EndGlobal
