
Microsoft Visual Studio Solution File, Format Version 12.00
# Visual Studio Version 17
VisualStudioVersion = 17.10.35013.160
MinimumVisualStudioVersion = 10.0.40219.1
Project("{FAE04EC0-301F-11D3-BF4B-00C04F79EFBC}") = "Study41", "Study41\Study41.csproj", "{FD75C0C2-63BA-4EE7-A12C-BCDD3BBE686C}"
EndProject
Global
	GlobalSection(SolutionConfigurationPlatforms) = preSolution
		Debug|Any CPU = Debug|Any CPU
		Release|Any CPU = Release|Any CPU
	EndGlobalSection
	GlobalSection(ProjectConfigurationPlatforms) = postSolution
		{FD75C0C2-63BA-4EE7-A12C-BCDD3BBE686C}.Debug|Any CPU.ActiveCfg = Debug|Any CPU
		{FD75C0C2-63BA-4EE7-A12C-BCDD3BBE686C}.Debug|Any CPU.Build.0 = Debug|Any CPU
		{FD75C0C2-63BA-4EE7-A12C-BCDD3BBE686C}.Release|Any CPU.ActiveCfg = Release|Any CPU
		{FD75C0C2-63BA-4EE7-A12C-BCDD3BBE686C}.Release|Any CPU.Build.0 = Release|Any CPU
	EndGlobalSection
	GlobalSection(SolutionProperties) = preSolution
		HideSolutionNode = FALSE
	EndGlobalSection
	GlobalSection(ExtensibilityGlobals) = postSolution
		SolutionGuid = {A8345D23-D0B0-418C-9B77-697FF067439D}
	EndGlobalSection
EndGlobal
