
Microsoft Visual Studio Solution File, Format Version 12.00
# Visual Studio Version 17
VisualStudioVersion = 17.10.35013.160
MinimumVisualStudioVersion = 10.0.40219.1
Project("{FAE04EC0-301F-11D3-BF4B-00C04F79EFBC}") = "LikeLion2", "LikeLion2\LikeLion2.csproj", "{73940290-761F-4099-8E1C-040657C73558}"
EndProject
Global
	GlobalSection(SolutionConfigurationPlatforms) = preSolution
		Debug|Any CPU = Debug|Any CPU
		Release|Any CPU = Release|Any CPU
	EndGlobalSection
	GlobalSection(ProjectConfigurationPlatforms) = postSolution
		{73940290-761F-4099-8E1C-040657C73558}.Debug|Any CPU.ActiveCfg = Debug|Any CPU
		{73940290-761F-4099-8E1C-040657C73558}.Debug|Any CPU.Build.0 = Debug|Any CPU
		{73940290-761F-4099-8E1C-040657C73558}.Release|Any CPU.ActiveCfg = Release|Any CPU
		{73940290-761F-4099-8E1C-040657C73558}.Release|Any CPU.Build.0 = Release|Any CPU
	EndGlobalSection
	GlobalSection(SolutionProperties) = preSolution
		HideSolutionNode = FALSE
	EndGlobalSection
	GlobalSection(ExtensibilityGlobals) = postSolution
		SolutionGuid = {5FFB1A0A-BCBB-4DB6-9CB0-D6F41375E7AC}
	EndGlobalSection
EndGlobal
